
Microsoft Visual Studio Solution File, Format Version 12.00
# Visual Studio Version 17
VisualStudioVersion = 17.0.31903.59
MinimumVisualStudioVersion = 10.0.40219.1
Project("{9A19103F-16F7-4668-BE54-9A1E7A4F7556}") = "Linql.Test.Files", "Linql.Test.Files\Linql.Test.Files.csproj", "{D9E25D35-3474-4788-826A-C0DED6518D32}"
EndProject
Global
	GlobalSection(SolutionConfigurationPlatforms) = preSolution
		Debug|Any CPU = Debug|Any CPU
		Release|Any CPU = Release|Any CPU
	EndGlobalSection
	GlobalSection(ProjectConfigurationPlatforms) = postSolution
		{D9E25D35-3474-4788-826A-C0DED6518D32}.Debug|Any CPU.ActiveCfg = Debug|Any CPU
		{D9E25D35-3474-4788-826A-C0DED6518D32}.Debug|Any CPU.Build.0 = Debug|Any CPU
		{D9E25D35-3474-4788-826A-C0DED6518D32}.Release|Any CPU.ActiveCfg = Release|Any CPU
		{D9E25D35-3474-4788-826A-C0DED6518D32}.Release|Any CPU.Build.0 = Release|Any CPU
	EndGlobalSection
	GlobalSection(SolutionProperties) = preSolution
		HideSolutionNode = FALSE
	EndGlobalSection
	GlobalSection(ExtensibilityGlobals) = postSolution
		SolutionGuid = {FE0AD5C4-EE88-4FA2-83EE-6158F36FCBFF}
	EndGlobalSection
EndGlobal
